
Microsoft Visual Studio Solution File, Format Version 12.00
# Visual Studio Version 16
VisualStudioVersion = 16.0.32602.291
MinimumVisualStudioVersion = 10.0.40219.1
Project("{FAE04EC0-301F-11D3-BF4B-00C04F79EFBC}") = "HashTable", "HashTable.csproj", "{67B294E5-EC26-4DA4-9465-C9FD2B0D459B}"
EndProject
Global
	GlobalSection(SolutionConfigurationPlatforms) = preSolution
		Debug|Any CPU = Debug|Any CPU
		Release|Any CPU = Release|Any CPU
	EndGlobalSection
	GlobalSection(ProjectConfigurationPlatforms) = postSolution
		{67B294E5-EC26-4DA4-9465-C9FD2B0D459B}.Debug|Any CPU.ActiveCfg = Debug|Any CPU
		{67B294E5-EC26-4DA4-9465-C9FD2B0D459B}.Debug|Any CPU.Build.0 = Debug|Any CPU
		{67B294E5-EC26-4DA4-9465-C9FD2B0D459B}.Release|Any CPU.ActiveCfg = Release|Any CPU
		{67B294E5-EC26-4DA4-9465-C9FD2B0D459B}.Release|Any CPU.Build.0 = Release|Any CPU
	EndGlobalSection
	GlobalSection(SolutionProperties) = preSolution
		HideSolutionNode = FALSE
	EndGlobalSection
	GlobalSection(ExtensibilityGlobals) = postSolution
		SolutionGuid = {F41A4384-A97F-416F-AEFE-F0A469D3CB50}
	EndGlobalSection
EndGlobal
