
Microsoft Visual Studio Solution File, Format Version 12.00
# Visual Studio Version 16
VisualStudioVersion = 16.0.32602.291
MinimumVisualStudioVersion = 10.0.40219.1
Project("{FAE04EC0-301F-11D3-BF4B-00C04F79EFBC}") = "QueueAssignment", "QueueAssignment.csproj", "{09EE0BBC-0114-4060-8D58-0347492DDBCF}"
EndProject
Global
	GlobalSection(SolutionConfigurationPlatforms) = preSolution
		Debug|Any CPU = Debug|Any CPU
		Release|Any CPU = Release|Any CPU
	EndGlobalSection
	GlobalSection(ProjectConfigurationPlatforms) = postSolution
		{09EE0BBC-0114-4060-8D58-0347492DDBCF}.Debug|Any CPU.ActiveCfg = Debug|Any CPU
		{09EE0BBC-0114-4060-8D58-0347492DDBCF}.Debug|Any CPU.Build.0 = Debug|Any CPU
		{09EE0BBC-0114-4060-8D58-0347492DDBCF}.Release|Any CPU.ActiveCfg = Release|Any CPU
		{09EE0BBC-0114-4060-8D58-0347492DDBCF}.Release|Any CPU.Build.0 = Release|Any CPU
	EndGlobalSection
	GlobalSection(SolutionProperties) = preSolution
		HideSolutionNode = FALSE
	EndGlobalSection
	GlobalSection(ExtensibilityGlobals) = postSolution
		SolutionGuid = {F2A402C4-AB3C-4689-8E20-EB4014F2C54D}
	EndGlobalSection
EndGlobal
